
Microsoft Visual Studio Solution File, Format Version 12.00
# Visual Studio Version 17
VisualStudioVersion = 17.14.36301.6 d17.14
MinimumVisualStudioVersion = 10.0.40219.1
Project("{FAE04EC0-301F-11D3-BF4B-00C04F79EFBC}") = "phizapi", "phizapi\phizapi.csproj", "{1F3B2B0E-8B83-4C64-86BE-57C38BE945FE}"
EndProject
Global
	GlobalSection(SolutionConfigurationPlatforms) = preSolution
		Debug|Any CPU = Debug|Any CPU
		Release|Any CPU = Release|Any CPU
	EndGlobalSection
	GlobalSection(ProjectConfigurationPlatforms) = postSolution
		{1F3B2B0E-8B83-4C64-86BE-57C38BE945FE}.Debug|Any CPU.ActiveCfg = Debug|Any CPU
		{1F3B2B0E-8B83-4C64-86BE-57C38BE945FE}.Debug|Any CPU.Build.0 = Debug|Any CPU
		{1F3B2B0E-8B83-4C64-86BE-57C38BE945FE}.Release|Any CPU.ActiveCfg = Release|Any CPU
		{1F3B2B0E-8B83-4C64-86BE-57C38BE945FE}.Release|Any CPU.Build.0 = Release|Any CPU
	EndGlobalSection
	GlobalSection(SolutionProperties) = preSolution
		HideSolutionNode = FALSE
	EndGlobalSection
	GlobalSection(ExtensibilityGlobals) = postSolution
		SolutionGuid = {857C962C-1B21-43FC-9327-C6D40B2F353E}
	EndGlobalSection
EndGlobal
